{
    "_readme": [
        "This file locks the dependencies of your project to a known state",
        "Read more about it at https://getcomposer.org/doc/01-basic-usage.md#installing-dependencies",
        "This file is @generated automatically"
    ],
    "content-hash": "372c353b1d1a511c071a5352a3b3c70a",
    "packages": [
        {
            "name": "php-imap/php-imap",
            "version": "4.5.2",
            "source": {
                "type": "git",
                "url": "https://github.com/barbushin/php-imap.git",
                "reference": "f1e316bf93a99bfc8ba29b19f4980b0ea7dda363"
            },
            "dist": {
                "type": "zip",
                "url": "https://api.github.com/repos/barbushin/php-imap/zipball/f1e316bf93a99bfc8ba29b19f4980b0ea7dda363",
                "reference": "f1e316bf93a99bfc8ba29b19f4980b0ea7dda363",
                "shasum": "",
                "mirrors": [
                    {
                        "url": "https://mirrors.aliyun.com/composer/dists/%package%/%reference%.%type%",
                        "preferred": true
                    }
                ]
            },
            "require": {
                "ext-fileinfo": "*",
                "ext-iconv": "*",
                "ext-imap": "*",
                "ext-json": "*",
                "ext-mbstring": "*",
                "php": "^7.2 || ^8.0"
            },
            "require-dev": {
                "friendsofphp/php-cs-fixer": "^3.4",
                "maglnet/composer-require-checker": "^2.0|^3.2",
                "nikic/php-parser": "^4.3,<4.7|^4.10",
                "paragonie/hidden-string": "^1.0",
                "php-parallel-lint/php-parallel-lint": "^1.3",
                "phpunit/phpunit": "^8.5|^9.5",
                "povils/phpmnd": "^2.2",
                "psalm/plugin-phpunit": "^0.10.0|^0.15.1",
                "roave/security-advisories": "dev-master",
                "sebastian/phpcpd": "^4.1|^6.0"
            },
            "suggest": {
                "ext-fileinfo": "To facilitate IncomingMailAttachment::getFileInfo() auto-detection"
            },
            "type": "library",
            "autoload": {
                "psr-4": {
                    "PhpImap\\": "src/PhpImap"
                }
            },
            "notification-url": "https://packagist.org/downloads/",
            "license": [
                "MIT"
            ],
            "authors": [
                {
                    "name": "Sergey Barbushin",
                    "email": "barbushin@gmail.com",
                    "homepage": "http://linkedin.com/in/barbushin"
                }
            ],
            "description": "Manage mailboxes, filter/get/delete emails in PHP (supports IMAP/POP3/NNTP)",
            "homepage": "https://github.com/barbushin/php-imap",
            "keywords": [
                "imap",
                "mail",
                "mailbox",
                "php",
                "pop3",
                "receive emails"
            ],
            "support": {
                "issues": "https://github.com/barbushin/php-imap/issues",
                "source": "https://github.com/barbushin/php-imap/tree/4.5.2"
            },
            "time": "2022-02-17T10:35:06+00:00"
        }
    ],
    "packages-dev": [],
    "aliases": [],
    "minimum-stability": "stable",
    "stability-flags": [],
    "prefer-stable": false,
    "prefer-lowest": false,
    "platform": {
        "php": ">=7.0.0"
    },
    "platform-dev": [],
    "plugin-api-version": "2.0.0"
}
